
Microsoft Visual Studio Solution File, Format Version 12.00
# Visual Studio Version 17
VisualStudioVersion = 17.0.31423.177
MinimumVisualStudioVersion = 10.0.40219.1
Project("{9A19103F-16F7-4668-BE54-9A1E7A4F7556}") = "Groffe.Distancias", "Groffe.Distancias.csproj", "{A06D349F-051E-43C2-83B0-8E9DAE030E3A}"
EndProject
Project("{9A19103F-16F7-4668-BE54-9A1E7A4F7556}") = "Groffe.Distancias.Testes", "..\Groffe.Distancias.Testes\Groffe.Distancias.Testes.csproj", "{E267286D-4FEC-4842-AB65-1B42EA01D82D}"
EndProject
Global
	GlobalSection(SolutionConfigurationPlatforms) = preSolution
		Debug|Any CPU = Debug|Any CPU
		Release|Any CPU = Release|Any CPU
	EndGlobalSection
	GlobalSection(ProjectConfigurationPlatforms) = postSolution
		{A06D349F-051E-43C2-83B0-8E9DAE030E3A}.Debug|Any CPU.ActiveCfg = Debug|Any CPU
		{A06D349F-051E-43C2-83B0-8E9DAE030E3A}.Debug|Any CPU.Build.0 = Debug|Any CPU
		{A06D349F-051E-43C2-83B0-8E9DAE030E3A}.Release|Any CPU.ActiveCfg = Release|Any CPU
		{A06D349F-051E-43C2-83B0-8E9DAE030E3A}.Release|Any CPU.Build.0 = Release|Any CPU
		{E267286D-4FEC-4842-AB65-1B42EA01D82D}.Debug|Any CPU.ActiveCfg = Debug|Any CPU
		{E267286D-4FEC-4842-AB65-1B42EA01D82D}.Debug|Any CPU.Build.0 = Debug|Any CPU
		{E267286D-4FEC-4842-AB65-1B42EA01D82D}.Release|Any CPU.ActiveCfg = Release|Any CPU
		{E267286D-4FEC-4842-AB65-1B42EA01D82D}.Release|Any CPU.Build.0 = Release|Any CPU
	EndGlobalSection
	GlobalSection(SolutionProperties) = preSolution
		HideSolutionNode = FALSE
	EndGlobalSection
	GlobalSection(ExtensibilityGlobals) = postSolution
		SolutionGuid = {C7399957-4E00-4E22-ACEB-8162727D4235}
	EndGlobalSection
EndGlobal
